github.com/ladotek/dog v0.0.0-20250630192706-76fd0379d523 h1:AEqpB+M4A6DsdpOMeKohBvilpCLwEA6GFSX8KGLsvxg=
github.com/ladotek/dog v0.0.0-20250630192706-76fd0379d523/go.mod h1:lhJp8wMAbL+EQ1jSyZ9F7TNJ7Vo4FU2bDGMUfOrn7gA=
github.com/ladotek/dog v0.0.0-20250701164537-5bf38476794b h1:WXPSpdV64UGtYbRy7CLcVrBNgipiY5nbYsxf6ty8BRI=
github.com/ladotek/dog v0.0.0-20250701164537-5bf38476794b/go.mod h1:lhJp8wMAbL+EQ1jSyZ9F7TNJ7Vo4FU2bDGMUfOrn7gA=
github.com/ladotek/puppy v0.0.0-20250701164834-646de2f47590 h1:XHIjnk05w5XopvrD5UWxk7RgeW/H8oSfPDXgL6inf5s=
github.com/ladotek/puppy v0.0.0-20250701164834-646de2f47590/go.mod h1:b7rNSJsuaCNcxceydGFzluzzmpgJpBtkStB991UCuzQ=
github.com/ladotek/puppy v0.0.0-20250701171225-4628434d28a1 h1:OcM0Qc1neCpbjp8d3gu8e3Ol2YLOaef58Bd2bq3slwQ=
github.com/ladotek/puppy v0.0.0-20250701171225-4628434d28a1/go.mod h1:sV12Wc362A20enwwR2jBEcnLUnggzqOfO1KMHXkw4bI=
